
Microsoft Visual Studio Solution File, Format Version 12.00
# Visual Studio Version 16
VisualStudioVersion = 16.0.31112.23
MinimumVisualStudioVersion = 10.0.40219.1
Project("{FAE04EC0-301F-11D3-BF4B-00C04F79EFBC}") = "IdentityServerTrials", "IdentityServerTrials\IdentityServerTrials.csproj", "{FC8E72FF-7B40-420C-A414-69378955E6F2}"
EndProject
Global
	GlobalSection(SolutionConfigurationPlatforms) = preSolution
		Debug|Any CPU = Debug|Any CPU
		Release|Any CPU = Release|Any CPU
	EndGlobalSection
	GlobalSection(ProjectConfigurationPlatforms) = postSolution
		{FC8E72FF-7B40-420C-A414-69378955E6F2}.Debug|Any CPU.ActiveCfg = Debug|Any CPU
		{FC8E72FF-7B40-420C-A414-69378955E6F2}.Debug|Any CPU.Build.0 = Debug|Any CPU
		{FC8E72FF-7B40-420C-A414-69378955E6F2}.Release|Any CPU.ActiveCfg = Release|Any CPU
		{FC8E72FF-7B40-420C-A414-69378955E6F2}.Release|Any CPU.Build.0 = Release|Any CPU
	EndGlobalSection
	GlobalSection(SolutionProperties) = preSolution
		HideSolutionNode = FALSE
	EndGlobalSection
	GlobalSection(ExtensibilityGlobals) = postSolution
		SolutionGuid = {93496E0B-A528-49C9-B4C1-064651747E41}
	EndGlobalSection
EndGlobal
