
Microsoft Visual Studio Solution File, Format Version 12.00
# Visual Studio Version 16
VisualStudioVersion = 16.0.31112.23
MinimumVisualStudioVersion = 10.0.40219.1
Project("{9A19103F-16F7-4668-BE54-9A1E7A4F7556}") = "OrderApi", "OrderApi\OrderApi.csproj", "{F9ED4A9D-24C2-4695-B301-22DD94E6383B}"
EndProject
Project("{9A19103F-16F7-4668-BE54-9A1E7A4F7556}") = "OrderAPI.Data", "OrderAPI.Data\OrderAPI.Data.csproj", "{076176C6-7F9A-4816-B7F4-0C73AC128078}"
EndProject
Project("{9A19103F-16F7-4668-BE54-9A1E7A4F7556}") = "OrderApi.Domain", "OrderApi.Domain\OrderApi.Domain.csproj", "{F86F4867-8F50-4CD9-84A2-17C838943E5F}"
EndProject
Project("{9A19103F-16F7-4668-BE54-9A1E7A4F7556}") = "OrderApi.Messaging.Receive", "OrderApi.Messaging.Receive\OrderApi.Messaging.Receive.csproj", "{6AA15D96-4D9B-4E18-A49D-6AC833E7266E}"
EndProject
Project("{9A19103F-16F7-4668-BE54-9A1E7A4F7556}") = "OrderApi.Service", "OrderApi.Service\OrderApi.Service.csproj", "{7D65F5B3-2D1C-4A55-A8D4-7A958AF28E38}"
EndProject
Project("{2150E333-8FDC-42A3-9474-1A3956D46DE8}") = "Api", "Api", "{E6951566-5CB3-4D53-A0FA-324805ECFD85}"
EndProject
Project("{2150E333-8FDC-42A3-9474-1A3956D46DE8}") = "Tests", "Tests", "{8ACC4C4B-DF4F-42BE-B9E2-B6D84FC42A61}"
EndProject
Project("{9A19103F-16F7-4668-BE54-9A1E7A4F7556}") = "OrderApi.Data.Test", "OrderApi.Data.Test\OrderApi.Data.Test.csproj", "{DABEB1FF-54DB-4A37-82CF-25CAE17D77E7}"
EndProject
Project("{9A19103F-16F7-4668-BE54-9A1E7A4F7556}") = "OrderApi.Service.Test", "OrderApi.Service.Test\OrderApi.Service.Test.csproj", "{2115827D-F871-4C94-A955-316AA5BED0F0}"
EndProject
Project("{9A19103F-16F7-4668-BE54-9A1E7A4F7556}") = "OrderApi.Test", "OrderApi.Test\OrderApi.Test.csproj", "{CAEBD899-A6BE-402F-A23F-E7FF623EEB66}"
EndProject
Global
	GlobalSection(SolutionConfigurationPlatforms) = preSolution
		Debug|Any CPU = Debug|Any CPU
		Release|Any CPU = Release|Any CPU
	EndGlobalSection
	GlobalSection(ProjectConfigurationPlatforms) = postSolution
		{F9ED4A9D-24C2-4695-B301-22DD94E6383B}.Debug|Any CPU.ActiveCfg = Debug|Any CPU
		{F9ED4A9D-24C2-4695-B301-22DD94E6383B}.Debug|Any CPU.Build.0 = Debug|Any CPU
		{F9ED4A9D-24C2-4695-B301-22DD94E6383B}.Release|Any CPU.ActiveCfg = Release|Any CPU
		{F9ED4A9D-24C2-4695-B301-22DD94E6383B}.Release|Any CPU.Build.0 = Release|Any CPU
		{076176C6-7F9A-4816-B7F4-0C73AC128078}.Debug|Any CPU.ActiveCfg = Debug|Any CPU
		{076176C6-7F9A-4816-B7F4-0C73AC128078}.Debug|Any CPU.Build.0 = Debug|Any CPU
		{076176C6-7F9A-4816-B7F4-0C73AC128078}.Release|Any CPU.ActiveCfg = Release|Any CPU
		{076176C6-7F9A-4816-B7F4-0C73AC128078}.Release|Any CPU.Build.0 = Release|Any CPU
		{F86F4867-8F50-4CD9-84A2-17C838943E5F}.Debug|Any CPU.ActiveCfg = Debug|Any CPU
		{F86F4867-8F50-4CD9-84A2-17C838943E5F}.Debug|Any CPU.Build.0 = Debug|Any CPU
		{F86F4867-8F50-4CD9-84A2-17C838943E5F}.Release|Any CPU.ActiveCfg = Release|Any CPU
		{F86F4867-8F50-4CD9-84A2-17C838943E5F}.Release|Any CPU.Build.0 = Release|Any CPU
		{6AA15D96-4D9B-4E18-A49D-6AC833E7266E}.Debug|Any CPU.ActiveCfg = Debug|Any CPU
		{6AA15D96-4D9B-4E18-A49D-6AC833E7266E}.Debug|Any CPU.Build.0 = Debug|Any CPU
		{6AA15D96-4D9B-4E18-A49D-6AC833E7266E}.Release|Any CPU.ActiveCfg = Release|Any CPU
		{6AA15D96-4D9B-4E18-A49D-6AC833E7266E}.Release|Any CPU.Build.0 = Release|Any CPU
		{7D65F5B3-2D1C-4A55-A8D4-7A958AF28E38}.Debug|Any CPU.ActiveCfg = Debug|Any CPU
		{7D65F5B3-2D1C-4A55-A8D4-7A958AF28E38}.Debug|Any CPU.Build.0 = Debug|Any CPU
		{7D65F5B3-2D1C-4A55-A8D4-7A958AF28E38}.Release|Any CPU.ActiveCfg = Release|Any CPU
		{7D65F5B3-2D1C-4A55-A8D4-7A958AF28E38}.Release|Any CPU.Build.0 = Release|Any CPU
		{DABEB1FF-54DB-4A37-82CF-25CAE17D77E7}.Debug|Any CPU.ActiveCfg = Debug|Any CPU
		{DABEB1FF-54DB-4A37-82CF-25CAE17D77E7}.Debug|Any CPU.Build.0 = Debug|Any CPU
		{DABEB1FF-54DB-4A37-82CF-25CAE17D77E7}.Release|Any CPU.ActiveCfg = Release|Any CPU
		{DABEB1FF-54DB-4A37-82CF-25CAE17D77E7}.Release|Any CPU.Build.0 = Release|Any CPU
		{2115827D-F871-4C94-A955-316AA5BED0F0}.Debug|Any CPU.ActiveCfg = Debug|Any CPU
		{2115827D-F871-4C94-A955-316AA5BED0F0}.Debug|Any CPU.Build.0 = Debug|Any CPU
		{2115827D-F871-4C94-A955-316AA5BED0F0}.Release|Any CPU.ActiveCfg = Release|Any CPU
		{2115827D-F871-4C94-A955-316AA5BED0F0}.Release|Any CPU.Build.0 = Release|Any CPU
		{CAEBD899-A6BE-402F-A23F-E7FF623EEB66}.Debug|Any CPU.ActiveCfg = Debug|Any CPU
		{CAEBD899-A6BE-402F-A23F-E7FF623EEB66}.Debug|Any CPU.Build.0 = Debug|Any CPU
		{CAEBD899-A6BE-402F-A23F-E7FF623EEB66}.Release|Any CPU.ActiveCfg = Release|Any CPU
		{CAEBD899-A6BE-402F-A23F-E7FF623EEB66}.Release|Any CPU.Build.0 = Release|Any CPU
	EndGlobalSection
	GlobalSection(SolutionProperties) = preSolution
		HideSolutionNode = FALSE
	EndGlobalSection
	GlobalSection(NestedProjects) = preSolution
		{F9ED4A9D-24C2-4695-B301-22DD94E6383B} = {E6951566-5CB3-4D53-A0FA-324805ECFD85}
		{076176C6-7F9A-4816-B7F4-0C73AC128078} = {E6951566-5CB3-4D53-A0FA-324805ECFD85}
		{F86F4867-8F50-4CD9-84A2-17C838943E5F} = {E6951566-5CB3-4D53-A0FA-324805ECFD85}
		{6AA15D96-4D9B-4E18-A49D-6AC833E7266E} = {E6951566-5CB3-4D53-A0FA-324805ECFD85}
		{7D65F5B3-2D1C-4A55-A8D4-7A958AF28E38} = {E6951566-5CB3-4D53-A0FA-324805ECFD85}
		{DABEB1FF-54DB-4A37-82CF-25CAE17D77E7} = {8ACC4C4B-DF4F-42BE-B9E2-B6D84FC42A61}
		{2115827D-F871-4C94-A955-316AA5BED0F0} = {8ACC4C4B-DF4F-42BE-B9E2-B6D84FC42A61}
		{CAEBD899-A6BE-402F-A23F-E7FF623EEB66} = {8ACC4C4B-DF4F-42BE-B9E2-B6D84FC42A61}
	EndGlobalSection
	GlobalSection(ExtensibilityGlobals) = postSolution
		SolutionGuid = {F03A82C9-82BB-43A3-BC78-14BA2ABDA5B8}
	EndGlobalSection
EndGlobal
